
Microsoft Visual Studio Solution File, Format Version 12.00
# Visual Studio Version 17
VisualStudioVersion = 17.3.32804.467
MinimumVisualStudioVersion = 10.0.40219.1
Project("{FAE04EC0-301F-11D3-BF4B-00C04F79EFBC}") = "Homework", "Homework\Homework.csproj", "{FF6C4A20-C4E2-4EDC-9147-B09313863C51}"
EndProject
Project("{FAE04EC0-301F-11D3-BF4B-00C04F79EFBC}") = "homework1ex", "homework1ex\homework1ex.csproj", "{7B9FD151-E0B6-4DB0-BA4D-F437FBE7A697}"
EndProject
Project("{FAE04EC0-301F-11D3-BF4B-00C04F79EFBC}") = "homwqork2ex", "homwqork1ex\homwqork2ex.csproj", "{1690EE3B-67ED-46C6-849E-521DA5E1C2E2}"
EndProject
Project("{FAE04EC0-301F-11D3-BF4B-00C04F79EFBC}") = "homework3ex", "homework3ex\homework3ex.csproj", "{CC81886F-A52B-4986-BEC6-DE9B77D8C3F4}"
EndProject
Project("{FAE04EC0-301F-11D3-BF4B-00C04F79EFBC}") = "homeworkex4", "homeworkex4\homeworkex4.csproj", "{C8AD574A-8979-425F-9916-93E6AC57DC7A}"
EndProject
Project("{FAE04EC0-301F-11D3-BF4B-00C04F79EFBC}") = "homeworex4ToHard", "homeworex4ToHard\homeworex4ToHard.csproj", "{A19D3F4B-6611-4286-9BD9-3689F2DABA4B}"
EndProject
Project("{FAE04EC0-301F-11D3-BF4B-00C04F79EFBC}") = "Homeworkex5", "Homeworkex5\Homeworkex5.csproj", "{CD7F961A-1245-41AC-ABA9-B3B2C4F88B60}"
EndProject
Project("{FAE04EC0-301F-11D3-BF4B-00C04F79EFBC}") = "homeworkex6", "homeworkex6\homeworkex6.csproj", "{4CB1AD55-9A00-4495-A5B0-4B8340E7AAAA}"
EndProject
Project("{FAE04EC0-301F-11D3-BF4B-00C04F79EFBC}") = "Homeworkex7", "Homeworkex7\Homeworkex7.csproj", "{6E155B48-6B8C-45C1-B149-A97083C89607}"
EndProject
Project("{FAE04EC0-301F-11D3-BF4B-00C04F79EFBC}") = "homeworkex8", "homeworkex8\homeworkex8.csproj", "{D1624724-B19A-4B47-9D7A-AFE6FD81E13C}"
EndProject
Project("{FAE04EC0-301F-11D3-BF4B-00C04F79EFBC}") = "homeworkex9", "homeworkex9\homeworkex9.csproj", "{3FE8CA84-64C0-4DF8-9C45-8C51B402386B}"
EndProject
Project("{FAE04EC0-301F-11D3-BF4B-00C04F79EFBC}") = "homeworkex10", "homeworkex10\homeworkex10.csproj", "{E3DE592B-196A-461B-A741-90ECD7E62B44}"
EndProject
Project("{FAE04EC0-301F-11D3-BF4B-00C04F79EFBC}") = "homeworkex11", "homeworkex11\homeworkex11.csproj", "{B3C92C30-CC13-4117-9868-9EFC6CE66604}"
EndProject
Project("{FAE04EC0-301F-11D3-BF4B-00C04F79EFBC}") = "homeworkex12", "homeworkex12\homeworkex12.csproj", "{440EE625-AACA-41BF-A996-4562A5ADBAD1}"
EndProject
Project("{FAE04EC0-301F-11D3-BF4B-00C04F79EFBC}") = "homeworkex13", "homeworkex13\homeworkex13.csproj", "{5960CD15-E497-434A-9C74-E4AC6181C7E4}"
EndProject
Project("{FAE04EC0-301F-11D3-BF4B-00C04F79EFBC}") = "homework_2_ex_1", "homework_2_ex_1\homework_2_ex_1.csproj", "{22B83137-11E3-40D5-9441-43C99553FDC5}"
EndProject
Project("{FAE04EC0-301F-11D3-BF4B-00C04F79EFBC}") = "homework_2_ex_2", "homework_2_ex_2\homework_2_ex_2.csproj", "{9630862C-BF0D-4CB6-8ECC-9ABD69F4AED6}"
EndProject
Project("{FAE04EC0-301F-11D3-BF4B-00C04F79EFBC}") = "Gamework_console_1", "homework_2_ex_3\Gamework_console_1.csproj", "{66434CAE-B880-4E64-B77A-B1B262B8B0CD}"
EndProject
Project("{FAE04EC0-301F-11D3-BF4B-00C04F79EFBC}") = "homework_2_ex_3.1", "homework_2_ex_3.1\homework_2_ex_3.1.csproj", "{732B77FA-EFCD-4EF7-8DEE-2EA062F81EB4}"
EndProject
Project("{FAE04EC0-301F-11D3-BF4B-00C04F79EFBC}") = "homeework_3_ex_1", "homeework_3_ex_1\homeework_3_ex_1.csproj", "{EEB1ECA6-CF16-46DA-83FE-0D7D75121DB9}"
EndProject
Project("{FAE04EC0-301F-11D3-BF4B-00C04F79EFBC}") = "homework_3_ex_2", "homework_3_ex_2\homework_3_ex_2.csproj", "{7E67627D-E626-4EFF-9D71-E73A2FD0C534}"
EndProject
Project("{FAE04EC0-301F-11D3-BF4B-00C04F79EFBC}") = "homework_3_ex_3", "homework_3_ex_3\homework_3_ex_3.csproj", "{6BE2252A-C6EF-41FE-B95D-70A503C10055}"
EndProject
Project("{FAE04EC0-301F-11D3-BF4B-00C04F79EFBC}") = "homework_3_ex_4", "homework_3_ex_4\homework_3_ex_4.csproj", "{E658B3E5-FE9F-4245-B746-17689F9AEAA8}"
EndProject
Project("{FAE04EC0-301F-11D3-BF4B-00C04F79EFBC}") = "homework_3_ex_5", "homework_3_ex_5\homework_3_ex_5.csproj", "{BF3C3244-C3A7-49C7-9657-3CDE6CE8D9ED}"
EndProject
Project("{FAE04EC0-301F-11D3-BF4B-00C04F79EFBC}") = "homework_3_ex_6", "homework_3_ex_6\homework_3_ex_6.csproj", "{7A421A2D-FA8F-4228-B363-5A923B7E8625}"
EndProject
Project("{FAE04EC0-301F-11D3-BF4B-00C04F79EFBC}") = "homework_3_ex_7", "homework_3_ex_7\homework_3_ex_7.csproj", "{FADA56F8-CE95-4BA6-9892-5615042890B5}"
EndProject
Project("{FAE04EC0-301F-11D3-BF4B-00C04F79EFBC}") = "homework_4_ex_1", "homework_4_ex_1\homework_4_ex_1.csproj", "{8A5E4B0F-9A80-442D-AB2F-F3FC5107D7CF}"
EndProject
Project("{FAE04EC0-301F-11D3-BF4B-00C04F79EFBC}") = "homework_4_ex_2", "homework_4_ex_2\homework_4_ex_2.csproj", "{1CBEFF77-01AB-41AE-B7E5-C7106AB4092A}"
EndProject
Project("{FAE04EC0-301F-11D3-BF4B-00C04F79EFBC}") = "homework_4_ex_3", "homework_4_ex_3\homework_4_ex_3.csproj", "{74A2A35E-812E-4D02-9857-2693F62A11E2}"
EndProject
Project("{FAE04EC0-301F-11D3-BF4B-00C04F79EFBC}") = "homework_4_ex_4", "homework_4_ex_4\homework_4_ex_4.csproj", "{5A7AB9E1-1E39-41A4-B1EA-1F9C9044F66A}"
EndProject
Project("{FAE04EC0-301F-11D3-BF4B-00C04F79EFBC}") = "homework_4_ex_5", "homework_4_ex_5\homework_4_ex_5.csproj", "{682A2E19-4B74-4D5F-8FE3-912795C5B7E8}"
EndProject
Project("{FAE04EC0-301F-11D3-BF4B-00C04F79EFBC}") = "homework_4_ex6", "homework_4_ex6\homework_4_ex6.csproj", "{B98AB449-DA41-4181-B86A-E88FB2F53A1B}"
EndProject
Project("{FAE04EC0-301F-11D3-BF4B-00C04F79EFBC}") = "homework_4_ex_7", "homework_4_ex_7\homework_4_ex_7.csproj", "{0079A595-76F6-4ED3-B1DD-4914F84046FC}"
EndProject
Project("{FAE04EC0-301F-11D3-BF4B-00C04F79EFBC}") = "homework_4_ex_8", "homework_4_ex_8\homework_4_ex_8.csproj", "{901ACDF6-2F1A-482C-8B81-7C10E909A0E4}"
EndProject
Project("{FAE04EC0-301F-11D3-BF4B-00C04F79EFBC}") = "homework_5_ex_1", "homework_5_ex_1\homework_5_ex_1.csproj", "{B85F3248-9AA8-45E3-B62C-8B0C8358A5C3}"
EndProject
Project("{FAE04EC0-301F-11D3-BF4B-00C04F79EFBC}") = "homework5_ex_2", "homework5_ex_2\homework5_ex_2.csproj", "{E17CDAA5-2D2B-4507-934B-94BAC3148FEF}"
EndProject
Project("{FAE04EC0-301F-11D3-BF4B-00C04F79EFBC}") = "honework_6_ex_1", "honework_6_ex_1\honework_6_ex_1.csproj", "{48652264-E92A-4E36-B1A1-55A1D2F0D09B}"
EndProject
Global
	GlobalSection(SolutionConfigurationPlatforms) = preSolution
		Debug|Any CPU = Debug|Any CPU
		Release|Any CPU = Release|Any CPU
	EndGlobalSection
	GlobalSection(ProjectConfigurationPlatforms) = postSolution
		{FF6C4A20-C4E2-4EDC-9147-B09313863C51}.Debug|Any CPU.ActiveCfg = Debug|Any CPU
		{FF6C4A20-C4E2-4EDC-9147-B09313863C51}.Debug|Any CPU.Build.0 = Debug|Any CPU
		{FF6C4A20-C4E2-4EDC-9147-B09313863C51}.Release|Any CPU.ActiveCfg = Release|Any CPU
		{FF6C4A20-C4E2-4EDC-9147-B09313863C51}.Release|Any CPU.Build.0 = Release|Any CPU
		{7B9FD151-E0B6-4DB0-BA4D-F437FBE7A697}.Debug|Any CPU.ActiveCfg = Debug|Any CPU
		{7B9FD151-E0B6-4DB0-BA4D-F437FBE7A697}.Debug|Any CPU.Build.0 = Debug|Any CPU
		{7B9FD151-E0B6-4DB0-BA4D-F437FBE7A697}.Release|Any CPU.ActiveCfg = Release|Any CPU
		{7B9FD151-E0B6-4DB0-BA4D-F437FBE7A697}.Release|Any CPU.Build.0 = Release|Any CPU
		{1690EE3B-67ED-46C6-849E-521DA5E1C2E2}.Debug|Any CPU.ActiveCfg = Debug|Any CPU
		{1690EE3B-67ED-46C6-849E-521DA5E1C2E2}.Debug|Any CPU.Build.0 = Debug|Any CPU
		{1690EE3B-67ED-46C6-849E-521DA5E1C2E2}.Release|Any CPU.ActiveCfg = Release|Any CPU
		{1690EE3B-67ED-46C6-849E-521DA5E1C2E2}.Release|Any CPU.Build.0 = Release|Any CPU
		{CC81886F-A52B-4986-BEC6-DE9B77D8C3F4}.Debug|Any CPU.ActiveCfg = Debug|Any CPU
		{CC81886F-A52B-4986-BEC6-DE9B77D8C3F4}.Debug|Any CPU.Build.0 = Debug|Any CPU
		{CC81886F-A52B-4986-BEC6-DE9B77D8C3F4}.Release|Any CPU.ActiveCfg = Release|Any CPU
		{CC81886F-A52B-4986-BEC6-DE9B77D8C3F4}.Release|Any CPU.Build.0 = Release|Any CPU
		{C8AD574A-8979-425F-9916-93E6AC57DC7A}.Debug|Any CPU.ActiveCfg = Debug|Any CPU
		{C8AD574A-8979-425F-9916-93E6AC57DC7A}.Debug|Any CPU.Build.0 = Debug|Any CPU
		{C8AD574A-8979-425F-9916-93E6AC57DC7A}.Release|Any CPU.ActiveCfg = Release|Any CPU
		{C8AD574A-8979-425F-9916-93E6AC57DC7A}.Release|Any CPU.Build.0 = Release|Any CPU
		{A19D3F4B-6611-4286-9BD9-3689F2DABA4B}.Debug|Any CPU.ActiveCfg = Debug|Any CPU
		{A19D3F4B-6611-4286-9BD9-3689F2DABA4B}.Debug|Any CPU.Build.0 = Debug|Any CPU
		{A19D3F4B-6611-4286-9BD9-3689F2DABA4B}.Release|Any CPU.ActiveCfg = Release|Any CPU
		{A19D3F4B-6611-4286-9BD9-3689F2DABA4B}.Release|Any CPU.Build.0 = Release|Any CPU
		{CD7F961A-1245-41AC-ABA9-B3B2C4F88B60}.Debug|Any CPU.ActiveCfg = Debug|Any CPU
		{CD7F961A-1245-41AC-ABA9-B3B2C4F88B60}.Debug|Any CPU.Build.0 = Debug|Any CPU
		{CD7F961A-1245-41AC-ABA9-B3B2C4F88B60}.Release|Any CPU.ActiveCfg = Release|Any CPU
		{CD7F961A-1245-41AC-ABA9-B3B2C4F88B60}.Release|Any CPU.Build.0 = Release|Any CPU
		{4CB1AD55-9A00-4495-A5B0-4B8340E7AAAA}.Debug|Any CPU.ActiveCfg = Debug|Any CPU
		{4CB1AD55-9A00-4495-A5B0-4B8340E7AAAA}.Debug|Any CPU.Build.0 = Debug|Any CPU
		{4CB1AD55-9A00-4495-A5B0-4B8340E7AAAA}.Release|Any CPU.ActiveCfg = Release|Any CPU
		{4CB1AD55-9A00-4495-A5B0-4B8340E7AAAA}.Release|Any CPU.Build.0 = Release|Any CPU
		{6E155B48-6B8C-45C1-B149-A97083C89607}.Debug|Any CPU.ActiveCfg = Debug|Any CPU
		{6E155B48-6B8C-45C1-B149-A97083C89607}.Debug|Any CPU.Build.0 = Debug|Any CPU
		{6E155B48-6B8C-45C1-B149-A97083C89607}.Release|Any CPU.ActiveCfg = Release|Any CPU
		{6E155B48-6B8C-45C1-B149-A97083C89607}.Release|Any CPU.Build.0 = Release|Any CPU
		{D1624724-B19A-4B47-9D7A-AFE6FD81E13C}.Debug|Any CPU.ActiveCfg = Debug|Any CPU
		{D1624724-B19A-4B47-9D7A-AFE6FD81E13C}.Debug|Any CPU.Build.0 = Debug|Any CPU
		{D1624724-B19A-4B47-9D7A-AFE6FD81E13C}.Release|Any CPU.ActiveCfg = Release|Any CPU
		{D1624724-B19A-4B47-9D7A-AFE6FD81E13C}.Release|Any CPU.Build.0 = Release|Any CPU
		{3FE8CA84-64C0-4DF8-9C45-8C51B402386B}.Debug|Any CPU.ActiveCfg = Debug|Any CPU
		{3FE8CA84-64C0-4DF8-9C45-8C51B402386B}.Debug|Any CPU.Build.0 = Debug|Any CPU
		{3FE8CA84-64C0-4DF8-9C45-8C51B402386B}.Release|Any CPU.ActiveCfg = Release|Any CPU
		{3FE8CA84-64C0-4DF8-9C45-8C51B402386B}.Release|Any CPU.Build.0 = Release|Any CPU
		{E3DE592B-196A-461B-A741-90ECD7E62B44}.Debug|Any CPU.ActiveCfg = Debug|Any CPU
		{E3DE592B-196A-461B-A741-90ECD7E62B44}.Debug|Any CPU.Build.0 = Debug|Any CPU
		{E3DE592B-196A-461B-A741-90ECD7E62B44}.Release|Any CPU.ActiveCfg = Release|Any CPU
		{E3DE592B-196A-461B-A741-90ECD7E62B44}.Release|Any CPU.Build.0 = Release|Any CPU
		{B3C92C30-CC13-4117-9868-9EFC6CE66604}.Debug|Any CPU.ActiveCfg = Debug|Any CPU
		{B3C92C30-CC13-4117-9868-9EFC6CE66604}.Debug|Any CPU.Build.0 = Debug|Any CPU
		{B3C92C30-CC13-4117-9868-9EFC6CE66604}.Release|Any CPU.ActiveCfg = Release|Any CPU
		{B3C92C30-CC13-4117-9868-9EFC6CE66604}.Release|Any CPU.Build.0 = Release|Any CPU
		{440EE625-AACA-41BF-A996-4562A5ADBAD1}.Debug|Any CPU.ActiveCfg = Debug|Any CPU
		{440EE625-AACA-41BF-A996-4562A5ADBAD1}.Debug|Any CPU.Build.0 = Debug|Any CPU
		{440EE625-AACA-41BF-A996-4562A5ADBAD1}.Release|Any CPU.ActiveCfg = Release|Any CPU
		{440EE625-AACA-41BF-A996-4562A5ADBAD1}.Release|Any CPU.Build.0 = Release|Any CPU
		{5960CD15-E497-434A-9C74-E4AC6181C7E4}.Debug|Any CPU.ActiveCfg = Debug|Any CPU
		{5960CD15-E497-434A-9C74-E4AC6181C7E4}.Debug|Any CPU.Build.0 = Debug|Any CPU
		{5960CD15-E497-434A-9C74-E4AC6181C7E4}.Release|Any CPU.ActiveCfg = Release|Any CPU
		{5960CD15-E497-434A-9C74-E4AC6181C7E4}.Release|Any CPU.Build.0 = Release|Any CPU
		{22B83137-11E3-40D5-9441-43C99553FDC5}.Debug|Any CPU.ActiveCfg = Debug|Any CPU
		{22B83137-11E3-40D5-9441-43C99553FDC5}.Debug|Any CPU.Build.0 = Debug|Any CPU
		{22B83137-11E3-40D5-9441-43C99553FDC5}.Release|Any CPU.ActiveCfg = Release|Any CPU
		{22B83137-11E3-40D5-9441-43C99553FDC5}.Release|Any CPU.Build.0 = Release|Any CPU
		{9630862C-BF0D-4CB6-8ECC-9ABD69F4AED6}.Debug|Any CPU.ActiveCfg = Debug|Any CPU
		{9630862C-BF0D-4CB6-8ECC-9ABD69F4AED6}.Debug|Any CPU.Build.0 = Debug|Any CPU
		{9630862C-BF0D-4CB6-8ECC-9ABD69F4AED6}.Release|Any CPU.ActiveCfg = Release|Any CPU
		{9630862C-BF0D-4CB6-8ECC-9ABD69F4AED6}.Release|Any CPU.Build.0 = Release|Any CPU
		{66434CAE-B880-4E64-B77A-B1B262B8B0CD}.Debug|Any CPU.ActiveCfg = Debug|Any CPU
		{66434CAE-B880-4E64-B77A-B1B262B8B0CD}.Debug|Any CPU.Build.0 = Debug|Any CPU
		{66434CAE-B880-4E64-B77A-B1B262B8B0CD}.Release|Any CPU.ActiveCfg = Release|Any CPU
		{66434CAE-B880-4E64-B77A-B1B262B8B0CD}.Release|Any CPU.Build.0 = Release|Any CPU
		{732B77FA-EFCD-4EF7-8DEE-2EA062F81EB4}.Debug|Any CPU.ActiveCfg = Debug|Any CPU
		{732B77FA-EFCD-4EF7-8DEE-2EA062F81EB4}.Debug|Any CPU.Build.0 = Debug|Any CPU
		{732B77FA-EFCD-4EF7-8DEE-2EA062F81EB4}.Release|Any CPU.ActiveCfg = Release|Any CPU
		{732B77FA-EFCD-4EF7-8DEE-2EA062F81EB4}.Release|Any CPU.Build.0 = Release|Any CPU
		{EEB1ECA6-CF16-46DA-83FE-0D7D75121DB9}.Debug|Any CPU.ActiveCfg = Debug|Any CPU
		{EEB1ECA6-CF16-46DA-83FE-0D7D75121DB9}.Debug|Any CPU.Build.0 = Debug|Any CPU
		{EEB1ECA6-CF16-46DA-83FE-0D7D75121DB9}.Release|Any CPU.ActiveCfg = Release|Any CPU
		{EEB1ECA6-CF16-46DA-83FE-0D7D75121DB9}.Release|Any CPU.Build.0 = Release|Any CPU
		{7E67627D-E626-4EFF-9D71-E73A2FD0C534}.Debug|Any CPU.ActiveCfg = Debug|Any CPU
		{7E67627D-E626-4EFF-9D71-E73A2FD0C534}.Debug|Any CPU.Build.0 = Debug|Any CPU
		{7E67627D-E626-4EFF-9D71-E73A2FD0C534}.Release|Any CPU.ActiveCfg = Release|Any CPU
		{7E67627D-E626-4EFF-9D71-E73A2FD0C534}.Release|Any CPU.Build.0 = Release|Any CPU
		{6BE2252A-C6EF-41FE-B95D-70A503C10055}.Debug|Any CPU.ActiveCfg = Debug|Any CPU
		{6BE2252A-C6EF-41FE-B95D-70A503C10055}.Debug|Any CPU.Build.0 = Debug|Any CPU
		{6BE2252A-C6EF-41FE-B95D-70A503C10055}.Release|Any CPU.ActiveCfg = Release|Any CPU
		{6BE2252A-C6EF-41FE-B95D-70A503C10055}.Release|Any CPU.Build.0 = Release|Any CPU
		{E658B3E5-FE9F-4245-B746-17689F9AEAA8}.Debug|Any CPU.ActiveCfg = Debug|Any CPU
		{E658B3E5-FE9F-4245-B746-17689F9AEAA8}.Debug|Any CPU.Build.0 = Debug|Any CPU
		{E658B3E5-FE9F-4245-B746-17689F9AEAA8}.Release|Any CPU.ActiveCfg = Release|Any CPU
		{E658B3E5-FE9F-4245-B746-17689F9AEAA8}.Release|Any CPU.Build.0 = Release|Any CPU
		{BF3C3244-C3A7-49C7-9657-3CDE6CE8D9ED}.Debug|Any CPU.ActiveCfg = Debug|Any CPU
		{BF3C3244-C3A7-49C7-9657-3CDE6CE8D9ED}.Debug|Any CPU.Build.0 = Debug|Any CPU
		{BF3C3244-C3A7-49C7-9657-3CDE6CE8D9ED}.Release|Any CPU.ActiveCfg = Release|Any CPU
		{BF3C3244-C3A7-49C7-9657-3CDE6CE8D9ED}.Release|Any CPU.Build.0 = Release|Any CPU
		{7A421A2D-FA8F-4228-B363-5A923B7E8625}.Debug|Any CPU.ActiveCfg = Debug|Any CPU
		{7A421A2D-FA8F-4228-B363-5A923B7E8625}.Debug|Any CPU.Build.0 = Debug|Any CPU
		{7A421A2D-FA8F-4228-B363-5A923B7E8625}.Release|Any CPU.ActiveCfg = Release|Any CPU
		{7A421A2D-FA8F-4228-B363-5A923B7E8625}.Release|Any CPU.Build.0 = Release|Any CPU
		{FADA56F8-CE95-4BA6-9892-5615042890B5}.Debug|Any CPU.ActiveCfg = Debug|Any CPU
		{FADA56F8-CE95-4BA6-9892-5615042890B5}.Debug|Any CPU.Build.0 = Debug|Any CPU
		{FADA56F8-CE95-4BA6-9892-5615042890B5}.Release|Any CPU.ActiveCfg = Release|Any CPU
		{FADA56F8-CE95-4BA6-9892-5615042890B5}.Release|Any CPU.Build.0 = Release|Any CPU
		{8A5E4B0F-9A80-442D-AB2F-F3FC5107D7CF}.Debug|Any CPU.ActiveCfg = Debug|Any CPU
		{8A5E4B0F-9A80-442D-AB2F-F3FC5107D7CF}.Debug|Any CPU.Build.0 = Debug|Any CPU
		{8A5E4B0F-9A80-442D-AB2F-F3FC5107D7CF}.Release|Any CPU.ActiveCfg = Release|Any CPU
		{8A5E4B0F-9A80-442D-AB2F-F3FC5107D7CF}.Release|Any CPU.Build.0 = Release|Any CPU
		{1CBEFF77-01AB-41AE-B7E5-C7106AB4092A}.Debug|Any CPU.ActiveCfg = Debug|Any CPU
		{1CBEFF77-01AB-41AE-B7E5-C7106AB4092A}.Debug|Any CPU.Build.0 = Debug|Any CPU
		{1CBEFF77-01AB-41AE-B7E5-C7106AB4092A}.Release|Any CPU.ActiveCfg = Release|Any CPU
		{1CBEFF77-01AB-41AE-B7E5-C7106AB4092A}.Release|Any CPU.Build.0 = Release|Any CPU
		{74A2A35E-812E-4D02-9857-2693F62A11E2}.Debug|Any CPU.ActiveCfg = Debug|Any CPU
		{74A2A35E-812E-4D02-9857-2693F62A11E2}.Debug|Any CPU.Build.0 = Debug|Any CPU
		{74A2A35E-812E-4D02-9857-2693F62A11E2}.Release|Any CPU.ActiveCfg = Release|Any CPU
		{74A2A35E-812E-4D02-9857-2693F62A11E2}.Release|Any CPU.Build.0 = Release|Any CPU
		{5A7AB9E1-1E39-41A4-B1EA-1F9C9044F66A}.Debug|Any CPU.ActiveCfg = Debug|Any CPU
		{5A7AB9E1-1E39-41A4-B1EA-1F9C9044F66A}.Debug|Any CPU.Build.0 = Debug|Any CPU
		{5A7AB9E1-1E39-41A4-B1EA-1F9C9044F66A}.Release|Any CPU.ActiveCfg = Release|Any CPU
		{5A7AB9E1-1E39-41A4-B1EA-1F9C9044F66A}.Release|Any CPU.Build.0 = Release|Any CPU
		{682A2E19-4B74-4D5F-8FE3-912795C5B7E8}.Debug|Any CPU.ActiveCfg = Debug|Any CPU
		{682A2E19-4B74-4D5F-8FE3-912795C5B7E8}.Debug|Any CPU.Build.0 = Debug|Any CPU
		{682A2E19-4B74-4D5F-8FE3-912795C5B7E8}.Release|Any CPU.ActiveCfg = Release|Any CPU
		{682A2E19-4B74-4D5F-8FE3-912795C5B7E8}.Release|Any CPU.Build.0 = Release|Any CPU
		{B98AB449-DA41-4181-B86A-E88FB2F53A1B}.Debug|Any CPU.ActiveCfg = Debug|Any CPU
		{B98AB449-DA41-4181-B86A-E88FB2F53A1B}.Debug|Any CPU.Build.0 = Debug|Any CPU
		{B98AB449-DA41-4181-B86A-E88FB2F53A1B}.Release|Any CPU.ActiveCfg = Release|Any CPU
		{B98AB449-DA41-4181-B86A-E88FB2F53A1B}.Release|Any CPU.Build.0 = Release|Any CPU
		{0079A595-76F6-4ED3-B1DD-4914F84046FC}.Debug|Any CPU.ActiveCfg = Debug|Any CPU
		{0079A595-76F6-4ED3-B1DD-4914F84046FC}.Debug|Any CPU.Build.0 = Debug|Any CPU
		{0079A595-76F6-4ED3-B1DD-4914F84046FC}.Release|Any CPU.ActiveCfg = Release|Any CPU
		{0079A595-76F6-4ED3-B1DD-4914F84046FC}.Release|Any CPU.Build.0 = Release|Any CPU
		{901ACDF6-2F1A-482C-8B81-7C10E909A0E4}.Debug|Any CPU.ActiveCfg = Debug|Any CPU
		{901ACDF6-2F1A-482C-8B81-7C10E909A0E4}.Debug|Any CPU.Build.0 = Debug|Any CPU
		{901ACDF6-2F1A-482C-8B81-7C10E909A0E4}.Release|Any CPU.ActiveCfg = Release|Any CPU
		{901ACDF6-2F1A-482C-8B81-7C10E909A0E4}.Release|Any CPU.Build.0 = Release|Any CPU
		{B85F3248-9AA8-45E3-B62C-8B0C8358A5C3}.Debug|Any CPU.ActiveCfg = Debug|Any CPU
		{B85F3248-9AA8-45E3-B62C-8B0C8358A5C3}.Debug|Any CPU.Build.0 = Debug|Any CPU
		{B85F3248-9AA8-45E3-B62C-8B0C8358A5C3}.Release|Any CPU.ActiveCfg = Release|Any CPU
		{B85F3248-9AA8-45E3-B62C-8B0C8358A5C3}.Release|Any CPU.Build.0 = Release|Any CPU
		{E17CDAA5-2D2B-4507-934B-94BAC3148FEF}.Debug|Any CPU.ActiveCfg = Debug|Any CPU
		{E17CDAA5-2D2B-4507-934B-94BAC3148FEF}.Debug|Any CPU.Build.0 = Debug|Any CPU
		{E17CDAA5-2D2B-4507-934B-94BAC3148FEF}.Release|Any CPU.ActiveCfg = Release|Any CPU
		{E17CDAA5-2D2B-4507-934B-94BAC3148FEF}.Release|Any CPU.Build.0 = Release|Any CPU
		{48652264-E92A-4E36-B1A1-55A1D2F0D09B}.Debug|Any CPU.ActiveCfg = Debug|Any CPU
		{48652264-E92A-4E36-B1A1-55A1D2F0D09B}.Debug|Any CPU.Build.0 = Debug|Any CPU
		{48652264-E92A-4E36-B1A1-55A1D2F0D09B}.Release|Any CPU.ActiveCfg = Release|Any CPU
		{48652264-E92A-4E36-B1A1-55A1D2F0D09B}.Release|Any CPU.Build.0 = Release|Any CPU
	EndGlobalSection
	GlobalSection(SolutionProperties) = preSolution
		HideSolutionNode = FALSE
	EndGlobalSection
	GlobalSection(ExtensibilityGlobals) = postSolution
		SolutionGuid = {893FBB15-4EB1-4B96-AAD8-7A3E03B09F71}
	EndGlobalSection
EndGlobal
